// !$*UTF8*$!
{
	archiveVersion = 1;
	classes = {
	};
	objectVersion = 50;
	objects = {

/* Begin PBXBuildFile section */
		AE1AE3F52152DDA8003698CB /* AppDelegate.swift in Sources */ = {isa = PBXBuildFile; fileRef = AE1AE3F42152DDA8003698CB /* AppDelegate.swift */; };
		AE1AE3F72152DDA8003698CB /* ViewController.swift in Sources */ = {isa = PBXBuildFile; fileRef = AE1AE3F62152DDA8003698CB /* ViewController.swift */; };
		AE1AE3FA2152DDA8003698CB /* Main.storyboard in Resources */ = {isa = PBXBuildFile; fileRef = AE1AE3F82152DDA8003698CB /* Main.storyboard */; };
		AE1AE3FC2152DDA9003698CB /* Assets.xcassets in Resources */ = {isa = PBXBuildFile; fileRef = AE1AE3FB2152DDA9003698CB /* Assets.xcassets */; };
		AE1AE3FF2152DDA9003698CB /* LaunchScreen.storyboard in Resources */ = {isa = PBXBuildFile; fileRef = AE1AE3FD2152DDA9003698CB /* LaunchScreen.storyboard */; };
		AE1AE4072152DEE9003698CB /* GoogLeNetPlaces.mlmodel in Sources */ = {isa = PBXBuildFile; fileRef = AE1AE4062152DEE9003698CB /* GoogLeNetPlaces.mlmodel */; };
		AE1AE40A2152DF3A003698CB /* CoreML.framework in Frameworks */ = {isa = PBXBuildFile; fileRef = AE1AE4092152DF3A003698CB /* CoreML.framework */; };
		AE1AE40C2152DF41003698CB /* Vision.framework in Frameworks */ = {isa = PBXBuildFile; fileRef = AE1AE40B2152DF41003698CB /* Vision.framework */; };
/* End PBXBuildFile section */

/* Begin PBXFileReference section */
		AE1AE3F12152DDA8003698CB /* w3MachineLearning.app */ = {isa = PBXFileReference; explicitFileType = wrapper.application; includeInIndex = 0; path = w3MachineLearning.app; sourceTree = BUILT_PRODUCTS_DIR; };
		AE1AE3F42152DDA8003698CB /* AppDelegate.swift */ = {isa = PBXFileReference; lastKnownFileType = sourcecode.swift; path = AppDelegate.swift; sourceTree = "<group>"; };
		AE1AE3F62152DDA8003698CB /* ViewController.swift */ = {isa = PBXFileReference; lastKnownFileType = sourcecode.swift; path = ViewController.swift; sourceTree = "<group>"; };
		AE1AE3F92152DDA8003698CB /* Base */ = {isa = PBXFileReference; lastKnownFileType = file.storyboard; name = Base; path = Base.lproj/Main.storyboard; sourceTree = "<group>"; };
		AE1AE3FB2152DDA9003698CB /* Assets.xcassets */ = {isa = PBXFileReference; lastKnownFileType = folder.assetcatalog; path = Assets.xcassets; sourceTree = "<group>"; };
		AE1AE3FE2152DDA9003698CB /* Base */ = {isa = PBXFileReference; lastKnownFileType = file.storyboard; name = Base; path = Base.lproj/LaunchScreen.storyboard; sourceTree = "<group>"; };
		AE1AE4002152DDA9003698CB /* Info.plist */ = {isa = PBXFileReference; lastKnownFileType = text.plist.xml; path = Info.plist; sourceTree = "<group>"; };
		AE1AE4062152DEE9003698CB /* GoogLeNetPlaces.mlmodel */ = {isa = PBXFileReference; lastKnownFileType = file.mlmodel; path = GoogLeNetPlaces.mlmodel; sourceTree = "<group>"; };
		AE1AE4092152DF3A003698CB /* CoreML.framework */ = {isa = PBXFileReference; lastKnownFileType = wrapper.framework; name = CoreML.framework; path = System/Library/Frameworks/CoreML.framework; sourceTree = SDKROOT; };
		AE1AE40B2152DF41003698CB /* Vision.framework */ = {isa = PBXFileReference; lastKnownFileType = wrapper.framework; name = Vision.framework; path = System/Library/Frameworks/Vision.framework; sourceTree = SDKROOT; };
/* End PBXFileReference section */

/* Begin PBXFrameworksBuildPhase section */
		AE1AE3EE2152DDA8003698CB /* Frameworks */ = {
			isa = PBXFrameworksBuildPhase;
			buildActionMask = 2147483647;
			files = (
				AE1AE40C2152DF41003698CB /* Vision.framework in Frameworks */,
				AE1AE40A2152DF3A003698CB /* CoreML.framework in Frameworks */,
			);
			runOnlyForDeploymentPostprocessing = 0;
		};
/* End PBXFrameworksBuildPhase section */

/* Begin PBXGroup section */
		AE1AE3E82152DDA8003698CB = {
			isa = PBXGroup;
			children = (
				AE1AE3F32152DDA8003698CB /* w3MachineLearning */,
				AE1AE3F22152DDA8003698CB /* Products */,
				AE1AE4082152DF3A003698CB /* Frameworks */,
			);
			sourceTree = "<group>";
		};
		AE1AE3F22152DDA8003698CB /* Products */ = {
			isa = PBXGroup;
			children = (
				AE1AE3F12152DDA8003698CB /* w3MachineLearning.app */,
			);
			name = Products;
			sourceTree = "<group>";
		};
		AE1AE3F32152DDA8003698CB /* w3MachineLearning */ = {
			isa = PBXGroup;
			children = (
				AE1AE4062152DEE9003698CB /* GoogLeNetPlaces.mlmodel */,
				AE1AE3F42152DDA8003698CB /* AppDelegate.swift */,
				AE1AE3F62152DDA8003698CB /* ViewController.swift */,
				AE1AE3F82152DDA8003698CB /* Main.storyboard */,
				AE1AE3FB2152DDA9003698CB /* Assets.xcassets */,
				AE1AE3FD2152DDA9003698CB /* LaunchScreen.storyboard */,
				AE1AE4002152DDA9003698CB /* Info.plist */,
			);
			path = w3MachineLearning;
			sourceTree = "<group>";
		};
		AE1AE4082152DF3A003698CB /* Frameworks */ = {
			isa = PBXGroup;
			children = (
				AE1AE40B2152DF41003698CB /* Vision.framework */,
				AE1AE4092152DF3A003698CB /* CoreML.framework */,
			);
			name = Frameworks;
			sourceTree = "<group>";
		};
/* End PBXGroup section */

/* Begin PBXNativeTarget section */
		AE1AE3F02152DDA8003698CB /* w3MachineLearning */ = {
			isa = PBXNativeTarget;
			buildConfigurationList = AE1AE4032152DDA9003698CB /* Build configuration list for PBXNativeTarget "w3MachineLearning" */;
			buildPhases = (
				AE1AE3ED2152DDA8003698CB /* Sources */,
				AE1AE3EE2152DDA8003698CB /* Frameworks */,
				AE1AE3EF2152DDA8003698CB /* Resources */,
			);
			buildRules = (
			);
			dependencies = (
			);
			name = w3MachineLearning;
			productName = w3MachineLearning;
			productReference = AE1AE3F12152DDA8003698CB /* w3MachineLearning.app */;
			productType = "com.apple.product-type.application";
		};
/* End PBXNativeTarget section */

/* Begin PBXProject section */
		AE1AE3E92152DDA8003698CB /* Project object */ = {
			isa = PBXProject;
			attributes = {
				LastSwiftUpdateCheck = 0940;
				LastUpgradeCheck = 0940;
				ORGANIZATIONNAME = "Jeanice Nguyen";
				TargetAttributes = {
					AE1AE3F02152DDA8003698CB = {
						CreatedOnToolsVersion = 9.4.1;
					};
				};
			};
			buildConfigurationList = AE1AE3EC2152DDA8003698CB /* Build configuration list for PBXProject "w3MachineLearning" */;
			compatibilityVersion = "Xcode 9.3";
			developmentRegion = en;
			hasScannedForEncodings = 0;
			knownRegions = (
				en,
				Base,
			);
			mainGroup = AE1AE3E82152DDA8003698CB;
			productRefGroup = AE1AE3F22152DDA8003698CB /* Products */;
			projectDirPath = "";
			projectRoot = "";
			targets = (
				AE1AE3F02152DDA8003698CB /* w3MachineLearning */,
			);
		};
/* End PBXProject section */

/* Begin PBXResourcesBuildPhase section */
		AE1AE3EF2152DDA8003698CB /* Resources */ = {
			isa = PBXResourcesBuildPhase;
			buildActionMask = 2147483647;
			files = (
				AE1AE3FF2152DDA9003698CB /* LaunchScreen.storyboard in Resources */,
				AE1AE3FC2152DDA9003698CB /* Assets.xcassets in Resources */,
				AE1AE3FA2152DDA8003698CB /* Main.storyboard in Resources */,
			);
			runOnlyForDeploymentPostprocessing = 0;
		};
/* End PBXResourcesBuildPhase section */

/* Begin PBXSourcesBuildPhase section */
		AE1AE3ED2152DDA8003698CB /* Sources */ = {
			isa = PBXSourcesBuildPhase;
			buildActionMask = 2147483647;
			files = (
				AE1AE3F72152DDA8003698CB /* ViewController.swift in Sources */,
				AE1AE3F52152DDA8003698CB /* AppDelegate.swift in Sources */,
				AE1AE4072152DEE9003698CB /* GoogLeNetPlaces.mlmodel in Sources */,
			);
			runOnlyForDeploymentPostprocessing = 0;
		};
/* End PBXSourcesBuildPhase section */

/* Begin PBXVariantGroup section */
		AE1AE3F82152DDA8003698CB /* Main.storyboard */ = {
			isa = PBXVariantGroup;
			children = (
				AE1AE3F92152DDA8003698CB /* Base */,
			);
			name = Main.storyboard;
			sourceTree = "<group>";
		};
		AE1AE3FD2152DDA9003698CB /* LaunchScreen.storyboard */ = {
			isa = PBXVariantGroup;
			children = (
				AE1AE3FE2152DDA9003698CB /* Base */,
			);
			name = LaunchScreen.storyboard;
			sourceTree = "<group>";
		};
/* End PBXVariantGroup section */

/* Begin XCBuildConfiguration section */
		AE1AE4012152DDA9003698CB /* Debug */ = {
			isa = XCBuildConfiguration;
			buildSettings = {
				ALWAYS_SEARCH_USER_PATHS = NO;
				CLANG_ANALYZER_NONNULL = YES;
				CLANG_ANALYZER_NUMBER_OBJECT_CONVERSION = YES_AGGRESSIVE;
				CLANG_CXX_LANGUAGE_STANDARD = "gnu++14";
				CLANG_CXX_LIBRARY = "libc++";
				CLANG_ENABLE_MODULES = YES;
				CLANG_ENABLE_OBJC_ARC = YES;
				CLANG_ENABLE_OBJC_WEAK = YES;
				CLANG_WARN_BLOCK_CAPTURE_AUTORELEASING = YES;
				CLANG_WARN_BOOL_CONVERSION = YES;
				CLANG_WARN_COMMA = YES;
				CLANG_WARN_CONSTANT_CONVERSION = YES;
				CLANG_WARN_DEPRECATED_OBJC_IMPLEMENTATIONS = YES;
				CLANG_WARN_DIRECT_OBJC_ISA_USAGE = YES_ERROR;
				CLANG_WARN_DOCUMENTATION_COMMENTS = YES;
				CLANG_WARN_EMPTY_BODY = YES;
				CLANG_WARN_ENUM_CONVERSION = YES;
				CLANG_WARN_INFINITE_RECURSION = YES;
				CLANG_WARN_INT_CONVERSION = YES;
				CLANG_WARN_NON_LITERAL_NULL_CONVERSION = YES;
				CLANG_WARN_OBJC_IMPLICIT_RETAIN_SELF = YES;
				CLANG_WARN_OBJC_LITERAL_CONVERSION = YES;
				CLANG_WARN_OBJC_ROOT_CLASS = YES_ERROR;
				CLANG_WARN_RANGE_LOOP_ANALYSIS = YES;
				CLANG_WARN_STRICT_PROTOTYPES = YES;
				CLANG_WARN_SUSPICIOUS_MOVE = YES;
				CLANG_WARN_UNGUARDED_AVAILABILITY = YES_AGGRESSIVE;
				CLANG_WARN_UNREACHABLE_CODE = YES;
				CLANG_WARN__DUPLICATE_METHOD_MATCH = YES;
				CODE_SIGN_IDENTITY = "iPhone Developer";
				COPY_PHASE_STRIP = NO;
				DEBUG_INFORMATION_FORMAT = dwarf;
				ENABLE_STRICT_OBJC_MSGSEND = YES;
				ENABLE_TESTABILITY = YES;
				GCC_C_LANGUAGE_STANDARD = gnu11;
				GCC_DYNAMIC_NO_PIC = NO;
				GCC_NO_COMMON_BLOCKS = YES;
				GCC_OPTIMIZATION_LEVEL = 0;
				GCC_PREPROCESSOR_DEFINITIONS = (
					"DEBUG=1",
					"$(inherited)",
				);
				GCC_WARN_64_TO_32_BIT_CONVERSION = YES;
				GCC_WARN_ABOUT_RETURN_TYPE = YES_ERROR;
				GCC_WARN_UNDECLARED_SELECTOR = YES;
				GCC_WARN_UNINITIALIZED_AUTOS = YES_AGGRESSIVE;
				GCC_WARN_UNUSED_FUNCTION = YES;
				GCC_WARN_UNUSED_VARIABLE = YES;
				IPHONEOS_DEPLOYMENT_TARGET = 11.4;
				MTL_ENABLE_DEBUG_INFO = YES;
				ONLY_ACTIVE_ARCH = YES;
				SDKROOT = iphoneos;
				SWIFT_ACTIVE_COMPILATION_CONDITIONS = DEBUG;
				SWIFT_OPTIMIZATION_LEVEL = "-Onone";
			};
			name = Debug;
		};
		AE1AE4022152DDA9003698CB /* Release */ = {
			isa = XCBuildConfiguration;
			buildSettings = {
				ALWAYS_SEARCH_USER_PATHS = NO;
				CLANG_ANALYZER_NONNULL = YES;
				CLANG_ANALYZER_NUMBER_OBJECT_CONVERSION = YES_AGGRESSIVE;
				CLANG_CXX_LANGUAGE_STANDARD = "gnu++14";
				CLANG_CXX_LIBRARY = "libc++";
				CLANG_ENABLE_MODULES = YES;
				CLANG_ENABLE_OBJC_ARC = YES;
				CLANG_ENABLE_OBJC_WEAK = YES;
				CLANG_WARN_BLOCK_CAPTURE_AUTORELEASING = YES;
				CLANG_WARN_BOOL_CONVERSION = YES;
				CLANG_WARN_COMMA = YES;
				CLANG_WARN_CONSTANT_CONVERSION = YES;
				CLANG_WARN_DEPRECATED_OBJC_IMPLEMENTATIONS = YES;
				CLANG_WARN_DIRECT_OBJC_ISA_USAGE = YES_ERROR;
				CLANG_WARN_DOCUMENTATION_COMMENTS = YES;
				CLANG_WARN_EMPTY_BODY = YES;
				CLANG_WARN_ENUM_CONVERSION = YES;
				CLANG_WARN_INFINITE_RECURSION = YES;
				CLANG_WARN_INT_CONVERSION = YES;
				CLANG_WARN_NON_LITERAL_NULL_CONVERSION = YES;
				CLANG_WARN_OBJC_IMPLICIT_RETAIN_SELF = YES;
				CLANG_WARN_OBJC_LITERAL_CONVERSION = YES;
				CLANG_WARN_OBJC_ROOT_CLASS = YES_ERROR;
				CLANG_WARN_RANGE_LOOP_ANALYSIS = YES;
				CLANG_WARN_STRICT_PROTOTYPES = YES;
				CLANG_WARN_SUSPICIOUS_MOVE = YES;
				CLANG_WARN_UNGUARDED_AVAILABILITY = YES_AGGRESSIVE;
				CLANG_WARN_UNREACHABLE_CODE = YES;
				CLANG_WARN__DUPLICATE_METHOD_MATCH = YES;
				CODE_SIGN_IDENTITY = "iPhone Developer";
				COPY_PHASE_STRIP = NO;
				DEBUG_INFORMATION_FORMAT = "dwarf-with-dsym";
				ENABLE_NS_ASSERTIONS = NO;
				ENABLE_STRICT_OBJC_MSGSEND = YES;
				GCC_C_LANGUAGE_STANDARD = gnu11;
				GCC_NO_COMMON_BLOCKS = YES;
				GCC_WARN_64_TO_32_BIT_CONVERSION = YES;
				GCC_WARN_ABOUT_RETURN_TYPE = YES_ERROR;
				GCC_WARN_UNDECLARED_SELECTOR = YES;
				GCC_WARN_UNINITIALIZED_AUTOS = YES_AGGRESSIVE;
				GCC_WARN_UNUSED_FUNCTION = YES;
				GCC_WARN_UNUSED_VARIABLE = YES;
				IPHONEOS_DEPLOYMENT_TARGET = 11.4;
				MTL_ENABLE_DEBUG_INFO = NO;
				SDKROOT = iphoneos;
				SWIFT_COMPILATION_MODE = wholemodule;
				SWIFT_OPTIMIZATION_LEVEL = "-O";
				VALIDATE_PRODUCT = YES;
			};
			name = Release;
		};
		AE1AE4042152DDA9003698CB /* Debug */ = {
			isa = XCBuildConfiguration;
			buildSettings = {
				ASSETCATALOG_COMPILER_APPICON_NAME = AppIcon;
				CODE_SIGN_STYLE = Automatic;
				INFOPLIST_FILE = w3MachineLearning/Info.plist;
				LD_RUNPATH_SEARCH_PATHS = (
					"$(inherited)",
					"@executable_path/Frameworks",
				);
				PRODUCT_BUNDLE_IDENTIFIER = com.prog39856.w3MachineLearning;
				PRODUCT_NAME = "$(TARGET_NAME)";
				SWIFT_VERSION = 4.0;
				TARGETED_DEVICE_FAMILY = "1,2";
			};
			name = Debug;
		};
		AE1AE4052152DDA9003698CB /* Release */ = {
			isa = XCBuildConfiguration;
			buildSettings = {
				ASSETCATALOG_COMPILER_APPICON_NAME = AppIcon;
				CODE_SIGN_STYLE = Automatic;
				INFOPLIST_FILE = w3MachineLearning/Info.plist;
				LD_RUNPATH_SEARCH_PATHS = (
					"$(inherited)",
					"@executable_path/Frameworks",
				);
				PRODUCT_BUNDLE_IDENTIFIER = com.prog39856.w3MachineLearning;
				PRODUCT_NAME = "$(TARGET_NAME)";
				SWIFT_VERSION = 4.0;
				TARGETED_DEVICE_FAMILY = "1,2";
			};
			name = Release;
		};
/* End XCBuildConfiguration section */

/* Begin XCConfigurationList section */
		AE1AE3EC2152DDA8003698CB /* Build configuration list for PBXProject "w3MachineLearning" */ = {
			isa = XCConfigurationList;
			buildConfigurations = (
				AE1AE4012152DDA9003698CB /* Debug */,
				AE1AE4022152DDA9003698CB /* Release */,
			);
			defaultConfigurationIsVisible = 0;
			defaultConfigurationName = Release;
		};
		AE1AE4032152DDA9003698CB /* Build configuration list for PBXNativeTarget "w3MachineLearning" */ = {
			isa = XCConfigurationList;
			buildConfigurations = (
				AE1AE4042152DDA9003698CB /* Debug */,
				AE1AE4052152DDA9003698CB /* Release */,
			);
			defaultConfigurationIsVisible = 0;
			defaultConfigurationName = Release;
		};
/* End XCConfigurationList section */
	};
	rootObject = AE1AE3E92152DDA8003698CB /* Project object */;
}
